
Microsoft Visual Studio Solution File, Format Version 12.00
# Visual Studio Version 16
VisualStudioVersion = 16.0.31911.196
MinimumVisualStudioVersion = 10.0.40219.1
Project("{FAE04EC0-301F-11D3-BF4B-00C04F79EFBC}") = "MyStore", "MyStore\MyStore.csproj", "{5699FD90-389B-4D0A-9C4C-C230C7401FB0}"
EndProject
Global
	GlobalSection(SolutionConfigurationPlatforms) = preSolution
		Debug|Any CPU = Debug|Any CPU
		Release|Any CPU = Release|Any CPU
	EndGlobalSection
	GlobalSection(ProjectConfigurationPlatforms) = postSolution
		{5699FD90-389B-4D0A-9C4C-C230C7401FB0}.Debug|Any CPU.ActiveCfg = Debug|Any CPU
		{5699FD90-389B-4D0A-9C4C-C230C7401FB0}.Debug|Any CPU.Build.0 = Debug|Any CPU
		{5699FD90-389B-4D0A-9C4C-C230C7401FB0}.Release|Any CPU.ActiveCfg = Release|Any CPU
		{5699FD90-389B-4D0A-9C4C-C230C7401FB0}.Release|Any CPU.Build.0 = Release|Any CPU
	EndGlobalSection
	GlobalSection(SolutionProperties) = preSolution
		HideSolutionNode = FALSE
	EndGlobalSection
	GlobalSection(ExtensibilityGlobals) = postSolution
		SolutionGuid = {86AD8420-7E4B-4173-992E-014276BF78E3}
	EndGlobalSection
EndGlobal
